
Microsoft Visual Studio Solution File, Format Version 12.00
# Visual Studio 14
VisualStudioVersion = 14.0.23107.0
MinimumVisualStudioVersion = 10.0.40219.1
Project("{FAE04EC0-301F-11D3-BF4B-00C04F79EFBC}") = "AdventCalendar", "AdventCalendar\AdventCalendar.csproj", "{1D0F593B-90A9-4113-89D1-33AB35126412}"
EndProject
Project("{FAE04EC0-301F-11D3-BF4B-00C04F79EFBC}") = "Days", "Days\Days.csproj", "{C2EDD392-324E-49BB-9C35-A506796DDA55}"
EndProject
Global
	GlobalSection(SolutionConfigurationPlatforms) = preSolution
		Debug|Any CPU = Debug|Any CPU
		Release|Any CPU = Release|Any CPU
	EndGlobalSection
	GlobalSection(ProjectConfigurationPlatforms) = postSolution
		{1D0F593B-90A9-4113-89D1-33AB35126412}.Debug|Any CPU.ActiveCfg = Debug|Any CPU
		{1D0F593B-90A9-4113-89D1-33AB35126412}.Debug|Any CPU.Build.0 = Debug|Any CPU
		{1D0F593B-90A9-4113-89D1-33AB35126412}.Release|Any CPU.ActiveCfg = Release|Any CPU
		{1D0F593B-90A9-4113-89D1-33AB35126412}.Release|Any CPU.Build.0 = Release|Any CPU
		{C2EDD392-324E-49BB-9C35-A506796DDA55}.Debug|Any CPU.ActiveCfg = Debug|Any CPU
		{C2EDD392-324E-49BB-9C35-A506796DDA55}.Debug|Any CPU.Build.0 = Debug|Any CPU
		{C2EDD392-324E-49BB-9C35-A506796DDA55}.Release|Any CPU.ActiveCfg = Release|Any CPU
		{C2EDD392-324E-49BB-9C35-A506796DDA55}.Release|Any CPU.Build.0 = Release|Any CPU
	EndGlobalSection
	GlobalSection(SolutionProperties) = preSolution
		HideSolutionNode = FALSE
	EndGlobalSection
EndGlobal
